
Microsoft Visual Studio Solution File, Format Version 12.00
# Visual Studio 15
VisualStudioVersion = 15.0.27004.2010
MinimumVisualStudioVersion = 10.0.40219.1
Project("{9A19103F-16F7-4668-BE54-9A1E7A4F7556}") = "CoreExporter", "CoreExporter.csproj", "{EE5066C8-A0F6-4B31-AD3B-CCB8C9DC8241}"
EndProject
Global
	GlobalSection(SolutionConfigurationPlatforms) = preSolution
		Debug|Any CPU = Debug|Any CPU
		Release|Any CPU = Release|Any CPU
	EndGlobalSection
	GlobalSection(ProjectConfigurationPlatforms) = postSolution
		{EE5066C8-A0F6-4B31-AD3B-CCB8C9DC8241}.Debug|Any CPU.ActiveCfg = Debug|Any CPU
		{EE5066C8-A0F6-4B31-AD3B-CCB8C9DC8241}.Debug|Any CPU.Build.0 = Debug|Any CPU
		{EE5066C8-A0F6-4B31-AD3B-CCB8C9DC8241}.Release|Any CPU.ActiveCfg = Release|Any CPU
		{EE5066C8-A0F6-4B31-AD3B-CCB8C9DC8241}.Release|Any CPU.Build.0 = Release|Any CPU
	EndGlobalSection
	GlobalSection(SolutionProperties) = preSolution
		HideSolutionNode = FALSE
	EndGlobalSection
	GlobalSection(ExtensibilityGlobals) = postSolution
		SolutionGuid = {9508EA9B-37AE-445F-BC29-1E4C066D69C0}
	EndGlobalSection
EndGlobal
